
Microsoft Visual Studio Solution File, Format Version 12.00
# Visual Studio Version 17
VisualStudioVersion = 17.6.33712.159
MinimumVisualStudioVersion = 10.0.40219.1
Project("{9A19103F-16F7-4668-BE54-9A1E7A4F7556}") = "WebApplication11", "WebApplication11\WebApplication11.csproj", "{CD6CE9EE-EDA3-4AE0-B4CD-8088B78D8638}"
EndProject
Project("{FAE04EC0-301F-11D3-BF4B-00C04F79EFBC}") = "Entities", "Entities\Entities.csproj", "{79ECDE1D-296A-4A3B-BEBA-BAB92F6E0CB6}"
EndProject
Global
	GlobalSection(SolutionConfigurationPlatforms) = preSolution
		Debug|Any CPU = Debug|Any CPU
		Release|Any CPU = Release|Any CPU
	EndGlobalSection
	GlobalSection(ProjectConfigurationPlatforms) = postSolution
		{CD6CE9EE-EDA3-4AE0-B4CD-8088B78D8638}.Debug|Any CPU.ActiveCfg = Debug|Any CPU
		{CD6CE9EE-EDA3-4AE0-B4CD-8088B78D8638}.Debug|Any CPU.Build.0 = Debug|Any CPU
		{CD6CE9EE-EDA3-4AE0-B4CD-8088B78D8638}.Release|Any CPU.ActiveCfg = Release|Any CPU
		{CD6CE9EE-EDA3-4AE0-B4CD-8088B78D8638}.Release|Any CPU.Build.0 = Release|Any CPU
		{79ECDE1D-296A-4A3B-BEBA-BAB92F6E0CB6}.Debug|Any CPU.ActiveCfg = Debug|Any CPU
		{79ECDE1D-296A-4A3B-BEBA-BAB92F6E0CB6}.Debug|Any CPU.Build.0 = Debug|Any CPU
		{79ECDE1D-296A-4A3B-BEBA-BAB92F6E0CB6}.Release|Any CPU.ActiveCfg = Release|Any CPU
		{79ECDE1D-296A-4A3B-BEBA-BAB92F6E0CB6}.Release|Any CPU.Build.0 = Release|Any CPU
	EndGlobalSection
	GlobalSection(SolutionProperties) = preSolution
		HideSolutionNode = FALSE
	EndGlobalSection
	GlobalSection(ExtensibilityGlobals) = postSolution
		SolutionGuid = {57C03F23-8275-4CD6-A4FB-9E62B6E5AA4F}
	EndGlobalSection
EndGlobal
